
Microsoft Visual Studio Solution File, Format Version 12.00
# Visual Studio 15
VisualStudioVersion = 15.0.28307.136
MinimumVisualStudioVersion = 10.0.40219.1
Project("{FAE04EC0-301F-11D3-BF4B-00C04F79EFBC}") = "App2.Android", "App2\App2.Android\App2.Android.csproj", "{8B1926B6-5216-4D8C-B128-1C5F055EA016}"
EndProject
Project("{FAE04EC0-301F-11D3-BF4B-00C04F79EFBC}") = "App2.iOS", "App2\App2.iOS\App2.iOS.csproj", "{CA3361D5-FB29-47BA-892A-9B5E09CFDCFA}"
EndProject
Project("{FAE04EC0-301F-11D3-BF4B-00C04F79EFBC}") = "App2", "App2\App2\App2.csproj", "{E031C68F-6880-42FC-AB83-AB80E925B698}"
EndProject
Global
	GlobalSection(SolutionConfigurationPlatforms) = preSolution
		Ad-Hoc|Any CPU = Ad-Hoc|Any CPU
		Ad-Hoc|iPhone = Ad-Hoc|iPhone
		Ad-Hoc|iPhoneSimulator = Ad-Hoc|iPhoneSimulator
		AppStore|Any CPU = AppStore|Any CPU
		AppStore|iPhone = AppStore|iPhone
		AppStore|iPhoneSimulator = AppStore|iPhoneSimulator
		Debug|Any CPU = Debug|Any CPU
		Debug|iPhone = Debug|iPhone
		Debug|iPhoneSimulator = Debug|iPhoneSimulator
		Release|Any CPU = Release|Any CPU
		Release|iPhone = Release|iPhone
		Release|iPhoneSimulator = Release|iPhoneSimulator
	EndGlobalSection
	GlobalSection(ProjectConfigurationPlatforms) = postSolution
		{8B1926B6-5216-4D8C-B128-1C5F055EA016}.Ad-Hoc|Any CPU.ActiveCfg = Release|Any CPU
		{8B1926B6-5216-4D8C-B128-1C5F055EA016}.Ad-Hoc|Any CPU.Build.0 = Release|Any CPU
		{8B1926B6-5216-4D8C-B128-1C5F055EA016}.Ad-Hoc|Any CPU.Deploy.0 = Release|Any CPU
		{8B1926B6-5216-4D8C-B128-1C5F055EA016}.Ad-Hoc|iPhone.ActiveCfg = Release|Any CPU
		{8B1926B6-5216-4D8C-B128-1C5F055EA016}.Ad-Hoc|iPhone.Build.0 = Release|Any CPU
		{8B1926B6-5216-4D8C-B128-1C5F055EA016}.Ad-Hoc|iPhone.Deploy.0 = Release|Any CPU
		{8B1926B6-5216-4D8C-B128-1C5F055EA016}.Ad-Hoc|iPhoneSimulator.ActiveCfg = Release|Any CPU
		{8B1926B6-5216-4D8C-B128-1C5F055EA016}.Ad-Hoc|iPhoneSimulator.Build.0 = Release|Any CPU
		{8B1926B6-5216-4D8C-B128-1C5F055EA016}.Ad-Hoc|iPhoneSimulator.Deploy.0 = Release|Any CPU
		{8B1926B6-5216-4D8C-B128-1C5F055EA016}.AppStore|Any CPU.ActiveCfg = Release|Any CPU
		{8B1926B6-5216-4D8C-B128-1C5F055EA016}.AppStore|Any CPU.Build.0 = Release|Any CPU
		{8B1926B6-5216-4D8C-B128-1C5F055EA016}.AppStore|Any CPU.Deploy.0 = Release|Any CPU
		{8B1926B6-5216-4D8C-B128-1C5F055EA016}.AppStore|iPhone.ActiveCfg = Release|Any CPU
		{8B1926B6-5216-4D8C-B128-1C5F055EA016}.AppStore|iPhone.Build.0 = Release|Any CPU
		{8B1926B6-5216-4D8C-B128-1C5F055EA016}.AppStore|iPhone.Deploy.0 = Release|Any CPU
		{8B1926B6-5216-4D8C-B128-1C5F055EA016}.AppStore|iPhoneSimulator.ActiveCfg = Release|Any CPU
		{8B1926B6-5216-4D8C-B128-1C5F055EA016}.AppStore|iPhoneSimulator.Build.0 = Release|Any CPU
		{8B1926B6-5216-4D8C-B128-1C5F055EA016}.AppStore|iPhoneSimulator.Deploy.0 = Release|Any CPU
		{8B1926B6-5216-4D8C-B128-1C5F055EA016}.Debug|Any CPU.ActiveCfg = Debug|Any CPU
		{8B1926B6-5216-4D8C-B128-1C5F055EA016}.Debug|Any CPU.Build.0 = Debug|Any CPU
		{8B1926B6-5216-4D8C-B128-1C5F055EA016}.Debug|Any CPU.Deploy.0 = Debug|Any CPU
		{8B1926B6-5216-4D8C-B128-1C5F055EA016}.Debug|iPhone.ActiveCfg = Debug|Any CPU
		{8B1926B6-5216-4D8C-B128-1C5F055EA016}.Debug|iPhone.Build.0 = Debug|Any CPU
		{8B1926B6-5216-4D8C-B128-1C5F055EA016}.Debug|iPhone.Deploy.0 = Debug|Any CPU
		{8B1926B6-5216-4D8C-B128-1C5F055EA016}.Debug|iPhoneSimulator.ActiveCfg = Debug|Any CPU
		{8B1926B6-5216-4D8C-B128-1C5F055EA016}.Debug|iPhoneSimulator.Build.0 = Debug|Any CPU
		{8B1926B6-5216-4D8C-B128-1C5F055EA016}.Debug|iPhoneSimulator.Deploy.0 = Debug|Any CPU
		{8B1926B6-5216-4D8C-B128-1C5F055EA016}.Release|Any CPU.ActiveCfg = Release|Any CPU
		{8B1926B6-5216-4D8C-B128-1C5F055EA016}.Release|Any CPU.Build.0 = Release|Any CPU
		{8B1926B6-5216-4D8C-B128-1C5F055EA016}.Release|Any CPU.Deploy.0 = Release|Any CPU
		{8B1926B6-5216-4D8C-B128-1C5F055EA016}.Release|iPhone.ActiveCfg = Release|Any CPU
		{8B1926B6-5216-4D8C-B128-1C5F055EA016}.Release|iPhone.Build.0 = Release|Any CPU
		{8B1926B6-5216-4D8C-B128-1C5F055EA016}.Release|iPhone.Deploy.0 = Release|Any CPU
		{8B1926B6-5216-4D8C-B128-1C5F055EA016}.Release|iPhoneSimulator.ActiveCfg = Release|Any CPU
		{8B1926B6-5216-4D8C-B128-1C5F055EA016}.Release|iPhoneSimulator.Build.0 = Release|Any CPU
		{8B1926B6-5216-4D8C-B128-1C5F055EA016}.Release|iPhoneSimulator.Deploy.0 = Release|Any CPU
		{CA3361D5-FB29-47BA-892A-9B5E09CFDCFA}.Ad-Hoc|Any CPU.ActiveCfg = Ad-Hoc|iPhone
		{CA3361D5-FB29-47BA-892A-9B5E09CFDCFA}.Ad-Hoc|Any CPU.Build.0 = Ad-Hoc|iPhone
		{CA3361D5-FB29-47BA-892A-9B5E09CFDCFA}.Ad-Hoc|Any CPU.Deploy.0 = Ad-Hoc|iPhone
		{CA3361D5-FB29-47BA-892A-9B5E09CFDCFA}.Ad-Hoc|iPhone.ActiveCfg = Ad-Hoc|iPhone
		{CA3361D5-FB29-47BA-892A-9B5E09CFDCFA}.Ad-Hoc|iPhone.Build.0 = Ad-Hoc|iPhone
		{CA3361D5-FB29-47BA-892A-9B5E09CFDCFA}.Ad-Hoc|iPhone.Deploy.0 = Ad-Hoc|iPhone
		{CA3361D5-FB29-47BA-892A-9B5E09CFDCFA}.Ad-Hoc|iPhoneSimulator.ActiveCfg = Ad-Hoc|iPhoneSimulator
		{CA3361D5-FB29-47BA-892A-9B5E09CFDCFA}.Ad-Hoc|iPhoneSimulator.Build.0 = Ad-Hoc|iPhoneSimulator
		{CA3361D5-FB29-47BA-892A-9B5E09CFDCFA}.Ad-Hoc|iPhoneSimulator.Deploy.0 = Ad-Hoc|iPhoneSimulator
		{CA3361D5-FB29-47BA-892A-9B5E09CFDCFA}.AppStore|Any CPU.ActiveCfg = AppStore|iPhone
		{CA3361D5-FB29-47BA-892A-9B5E09CFDCFA}.AppStore|Any CPU.Build.0 = AppStore|iPhone
		{CA3361D5-FB29-47BA-892A-9B5E09CFDCFA}.AppStore|Any CPU.Deploy.0 = AppStore|iPhone
		{CA3361D5-FB29-47BA-892A-9B5E09CFDCFA}.AppStore|iPhone.ActiveCfg = AppStore|iPhone
		{CA3361D5-FB29-47BA-892A-9B5E09CFDCFA}.AppStore|iPhone.Build.0 = AppStore|iPhone
		{CA3361D5-FB29-47BA-892A-9B5E09CFDCFA}.AppStore|iPhone.Deploy.0 = AppStore|iPhone
		{CA3361D5-FB29-47BA-892A-9B5E09CFDCFA}.AppStore|iPhoneSimulator.ActiveCfg = AppStore|iPhoneSimulator
		{CA3361D5-FB29-47BA-892A-9B5E09CFDCFA}.AppStore|iPhoneSimulator.Build.0 = AppStore|iPhoneSimulator
		{CA3361D5-FB29-47BA-892A-9B5E09CFDCFA}.AppStore|iPhoneSimulator.Deploy.0 = AppStore|iPhoneSimulator
		{CA3361D5-FB29-47BA-892A-9B5E09CFDCFA}.Debug|Any CPU.ActiveCfg = Debug|iPhoneSimulator
		{CA3361D5-FB29-47BA-892A-9B5E09CFDCFA}.Debug|Any CPU.Build.0 = Debug|iPhoneSimulator
		{CA3361D5-FB29-47BA-892A-9B5E09CFDCFA}.Debug|Any CPU.Deploy.0 = Debug|iPhoneSimulator
		{CA3361D5-FB29-47BA-892A-9B5E09CFDCFA}.Debug|iPhone.ActiveCfg = Debug|iPhone
		{CA3361D5-FB29-47BA-892A-9B5E09CFDCFA}.Debug|iPhone.Build.0 = Debug|iPhone
		{CA3361D5-FB29-47BA-892A-9B5E09CFDCFA}.Debug|iPhone.Deploy.0 = Debug|iPhone
		{CA3361D5-FB29-47BA-892A-9B5E09CFDCFA}.Debug|iPhoneSimulator.ActiveCfg = Debug|iPhoneSimulator
		{CA3361D5-FB29-47BA-892A-9B5E09CFDCFA}.Debug|iPhoneSimulator.Build.0 = Debug|iPhoneSimulator
		{CA3361D5-FB29-47BA-892A-9B5E09CFDCFA}.Debug|iPhoneSimulator.Deploy.0 = Debug|iPhoneSimulator
		{CA3361D5-FB29-47BA-892A-9B5E09CFDCFA}.Release|Any CPU.ActiveCfg = Release|iPhone
		{CA3361D5-FB29-47BA-892A-9B5E09CFDCFA}.Release|Any CPU.Build.0 = Release|iPhone
		{CA3361D5-FB29-47BA-892A-9B5E09CFDCFA}.Release|Any CPU.Deploy.0 = Release|iPhone
		{CA3361D5-FB29-47BA-892A-9B5E09CFDCFA}.Release|iPhone.ActiveCfg = Release|iPhone
		{CA3361D5-FB29-47BA-892A-9B5E09CFDCFA}.Release|iPhone.Build.0 = Release|iPhone
		{CA3361D5-FB29-47BA-892A-9B5E09CFDCFA}.Release|iPhone.Deploy.0 = Release|iPhone
		{CA3361D5-FB29-47BA-892A-9B5E09CFDCFA}.Release|iPhoneSimulator.ActiveCfg = Release|iPhoneSimulator
		{CA3361D5-FB29-47BA-892A-9B5E09CFDCFA}.Release|iPhoneSimulator.Build.0 = Release|iPhoneSimulator
		{CA3361D5-FB29-47BA-892A-9B5E09CFDCFA}.Release|iPhoneSimulator.Deploy.0 = Release|iPhoneSimulator
		{E031C68F-6880-42FC-AB83-AB80E925B698}.Ad-Hoc|Any CPU.ActiveCfg = Debug|Any CPU
		{E031C68F-6880-42FC-AB83-AB80E925B698}.Ad-Hoc|Any CPU.Build.0 = Debug|Any CPU
		{E031C68F-6880-42FC-AB83-AB80E925B698}.Ad-Hoc|Any CPU.Deploy.0 = Debug|Any CPU
		{E031C68F-6880-42FC-AB83-AB80E925B698}.Ad-Hoc|iPhone.ActiveCfg = Debug|Any CPU
		{E031C68F-6880-42FC-AB83-AB80E925B698}.Ad-Hoc|iPhone.Build.0 = Debug|Any CPU
		{E031C68F-6880-42FC-AB83-AB80E925B698}.Ad-Hoc|iPhone.Deploy.0 = Debug|Any CPU
		{E031C68F-6880-42FC-AB83-AB80E925B698}.Ad-Hoc|iPhoneSimulator.ActiveCfg = Debug|Any CPU
		{E031C68F-6880-42FC-AB83-AB80E925B698}.Ad-Hoc|iPhoneSimulator.Build.0 = Debug|Any CPU
		{E031C68F-6880-42FC-AB83-AB80E925B698}.Ad-Hoc|iPhoneSimulator.Deploy.0 = Debug|Any CPU
		{E031C68F-6880-42FC-AB83-AB80E925B698}.AppStore|Any CPU.ActiveCfg = Debug|Any CPU
		{E031C68F-6880-42FC-AB83-AB80E925B698}.AppStore|Any CPU.Build.0 = Debug|Any CPU
		{E031C68F-6880-42FC-AB83-AB80E925B698}.AppStore|Any CPU.Deploy.0 = Debug|Any CPU
		{E031C68F-6880-42FC-AB83-AB80E925B698}.AppStore|iPhone.ActiveCfg = Debug|Any CPU
		{E031C68F-6880-42FC-AB83-AB80E925B698}.AppStore|iPhone.Build.0 = Debug|Any CPU
		{E031C68F-6880-42FC-AB83-AB80E925B698}.AppStore|iPhone.Deploy.0 = Debug|Any CPU
		{E031C68F-6880-42FC-AB83-AB80E925B698}.AppStore|iPhoneSimulator.ActiveCfg = Debug|Any CPU
		{E031C68F-6880-42FC-AB83-AB80E925B698}.AppStore|iPhoneSimulator.Build.0 = Debug|Any CPU
		{E031C68F-6880-42FC-AB83-AB80E925B698}.AppStore|iPhoneSimulator.Deploy.0 = Debug|Any CPU
		{E031C68F-6880-42FC-AB83-AB80E925B698}.Debug|Any CPU.ActiveCfg = Debug|Any CPU
		{E031C68F-6880-42FC-AB83-AB80E925B698}.Debug|Any CPU.Build.0 = Debug|Any CPU
		{E031C68F-6880-42FC-AB83-AB80E925B698}.Debug|Any CPU.Deploy.0 = Debug|Any CPU
		{E031C68F-6880-42FC-AB83-AB80E925B698}.Debug|iPhone.ActiveCfg = Debug|Any CPU
		{E031C68F-6880-42FC-AB83-AB80E925B698}.Debug|iPhone.Build.0 = Debug|Any CPU
		{E031C68F-6880-42FC-AB83-AB80E925B698}.Debug|iPhone.Deploy.0 = Debug|Any CPU
		{E031C68F-6880-42FC-AB83-AB80E925B698}.Debug|iPhoneSimulator.ActiveCfg = Debug|Any CPU
		{E031C68F-6880-42FC-AB83-AB80E925B698}.Debug|iPhoneSimulator.Build.0 = Debug|Any CPU
		{E031C68F-6880-42FC-AB83-AB80E925B698}.Debug|iPhoneSimulator.Deploy.0 = Debug|Any CPU
		{E031C68F-6880-42FC-AB83-AB80E925B698}.Release|Any CPU.ActiveCfg = Release|Any CPU
		{E031C68F-6880-42FC-AB83-AB80E925B698}.Release|Any CPU.Build.0 = Release|Any CPU
		{E031C68F-6880-42FC-AB83-AB80E925B698}.Release|Any CPU.Deploy.0 = Release|Any CPU
		{E031C68F-6880-42FC-AB83-AB80E925B698}.Release|iPhone.ActiveCfg = Release|Any CPU
		{E031C68F-6880-42FC-AB83-AB80E925B698}.Release|iPhone.Build.0 = Release|Any CPU
		{E031C68F-6880-42FC-AB83-AB80E925B698}.Release|iPhone.Deploy.0 = Release|Any CPU
		{E031C68F-6880-42FC-AB83-AB80E925B698}.Release|iPhoneSimulator.ActiveCfg = Release|Any CPU
		{E031C68F-6880-42FC-AB83-AB80E925B698}.Release|iPhoneSimulator.Build.0 = Release|Any CPU
		{E031C68F-6880-42FC-AB83-AB80E925B698}.Release|iPhoneSimulator.Deploy.0 = Release|Any CPU
	EndGlobalSection
	GlobalSection(SolutionProperties) = preSolution
		HideSolutionNode = FALSE
	EndGlobalSection
	GlobalSection(ExtensibilityGlobals) = postSolution
		SolutionGuid = {2BC9DA19-72C6-47C3-91B4-94BCA34288C2}
	EndGlobalSection
EndGlobal
